<?xml version="1.0" encoding="utf-8"?>
<Project ToolsVersion="4.0" xmlns="http://schemas.microsoft.com/developer/msbuild/2003">
  <ItemGroup>
    <ClCompile Include="GameObject.cpp">
      <Filter>Sources</Filter>
    </ClCompile>
    <ClCompile Include="LTimer.cpp">
      <Filter>Sources</Filter>
    </ClCompile>
    <ClCompile Include="main.cpp">
      <Filter>Sources</Filter>
    </ClCompile>
    <ClCompile Include="Message.cpp">
      <Filter>Sources</Filter>
    </ClCompile>
    <ClCompile Include="Scene.cpp">
      <Filter>Sources</Filter>
    </ClCompile>
    <ClCompile Include="scriptinit_exemple.cpp">
      <Filter>Sources</Filter>
    </ClCompile>
    <ClCompile Include="Source1.cpp">
      <Filter>Sources</Filter>
    </ClCompile>
    <ClCompile Include="Sprite.cpp">
      <Filter>Sources</Filter>
    </ClCompile>
    <ClCompile Include="SpriteSheet.cpp">
      <Filter>Sources</Filter>
    </ClCompile>
    <ClCompile Include="Vec2.cpp">
      <Filter>Sources</Filter>
    </ClCompile>
    <ClCompile Include="boostExemple.cpp">
      <Filter>Sources\Load</Filter>
    </ClCompile>
    <ClCompile Include="LuaFunctions.cpp">
      <Filter>Sources\Load</Filter>
    </ClCompile>
    <ClCompile Include="XML_utilityfunctions.cpp">
      <Filter>Sources\Load</Filter>
    </ClCompile>
    <ClCompile Include="..\..\tinyxml\tinystr.cpp">
      <Filter>Sources\Load\TinyXML</Filter>
    </ClCompile>
    <ClCompile Include="..\..\tinyxml\tinyxml.cpp">
      <Filter>Sources\Load\TinyXML</Filter>
    </ClCompile>
    <ClCompile Include="..\..\tinyxml\tinyxmlerror.cpp">
      <Filter>Sources\Load\TinyXML</Filter>
    </ClCompile>
    <ClCompile Include="..\..\tinyxml\tinyxmlparser.cpp">
      <Filter>Sources\Load\TinyXML</Filter>
    </ClCompile>
    <ClCompile Include="Component.cpp">
      <Filter>Sources\Components</Filter>
    </ClCompile>
    <ClCompile Include="GameLogicComponent.cpp">
      <Filter>Sources\Components</Filter>
    </ClCompile>
    <ClCompile Include="GraphicsComponent.cpp">
      <Filter>Sources\Components</Filter>
    </ClCompile>
    <ClCompile Include="InputsComponent.cpp">
      <Filter>Sources\Components</Filter>
    </ClCompile>
    <ClCompile Include="PhysicsComponent.cpp">
      <Filter>Sources\Components</Filter>
    </ClCompile>
    <ClCompile Include="PositionComponent.cpp">
      <Filter>Sources\Components</Filter>
    </ClCompile>
    <ClCompile Include="GameLogicSystem.cpp">
      <Filter>Sources\Systems</Filter>
    </ClCompile>
    <ClCompile Include="GraphicsSystem.cpp">
      <Filter>Sources\Systems</Filter>
    </ClCompile>
    <ClCompile Include="InputSystem.cpp">
      <Filter>Sources\Systems</Filter>
    </ClCompile>
    <ClCompile Include="PhysicsSystem.cpp">
      <Filter>Sources\Systems</Filter>
    </ClCompile>
    <ClCompile Include="Musique.cpp">
      <Filter>Sources</Filter>
    </ClCompile>
    <ClCompile Include="Son.cpp">
      <Filter>Sources</Filter>
    </ClCompile>
    <ClCompile Include="MusicSystem.cpp">
      <Filter>Sources\Systems</Filter>
    </ClCompile>
  </ItemGroup>
  <ItemGroup>
    <ClInclude Include="Flags.h">
      <Filter>Headers</Filter>
    </ClInclude>
    <ClInclude Include="LTimer.h">
      <Filter>Headers</Filter>
    </ClInclude>
    <ClInclude Include="Message.h">
      <Filter>Headers</Filter>
    </ClInclude>
    <ClInclude Include="Scene.h">
      <Filter>Headers</Filter>
    </ClInclude>
    <ClInclude Include="Sprite.h">
      <Filter>Headers</Filter>
    </ClInclude>
    <ClInclude Include="SpriteSheet.h">
      <Filter>Headers</Filter>
    </ClInclude>
    <ClInclude Include="Vec2.h">
      <Filter>Headers</Filter>
    </ClInclude>
    <ClInclude Include="LuaInit.hpp">
      <Filter>Headers\Load</Filter>
    </ClInclude>
    <ClInclude Include="XML_utilities.hpp">
      <Filter>Headers\Load</Filter>
    </ClInclude>
    <ClInclude Include="..\..\tinyxml\tinystr.h">
      <Filter>Headers\Load\TinyXML</Filter>
    </ClInclude>
    <ClInclude Include="..\..\tinyxml\tinyxml.h">
      <Filter>Headers\Load\TinyXML</Filter>
    </ClInclude>
    <ClInclude Include="GameLogicSystem.h">
      <Filter>Headers\Systems</Filter>
    </ClInclude>
    <ClInclude Include="GraphicsSystem.h">
      <Filter>Headers\Systems</Filter>
    </ClInclude>
    <ClInclude Include="InputSystem.h">
      <Filter>Headers\Systems</Filter>
    </ClInclude>
    <ClInclude Include="PhysicsSystem.h">
      <Filter>Headers\Systems</Filter>
    </ClInclude>
    <ClInclude Include="Component.h">
      <Filter>Headers\Components</Filter>
    </ClInclude>
    <ClInclude Include="GameObject.h">
      <Filter>Headers\Components</Filter>
    </ClInclude>
    <ClInclude Include="GraphicsComponent.h">
      <Filter>Headers\Components</Filter>
    </ClInclude>
    <ClInclude Include="GameLogicComponent.h">
      <Filter>Headers\Components</Filter>
    </ClInclude>
    <ClInclude Include="PhysicsComponent.h">
      <Filter>Headers\Components</Filter>
    </ClInclude>
    <ClInclude Include="PositionComponent.h">
      <Filter>Headers\Components</Filter>
    </ClInclude>
    <ClInclude Include="InputsComponent.h">
      <Filter>Headers\Components</Filter>
    </ClInclude>
    <ClInclude Include="Musique.h">
      <Filter>Headers</Filter>
    </ClInclude>
    <ClInclude Include="Son.h">
      <Filter>Headers</Filter>
    </ClInclude>
    <ClInclude Include="MusicSystem.h">
      <Filter>Headers\Systems</Filter>
    </ClInclude>
  </ItemGroup>
  <ItemGroup>
    <Filter Include="Sources">
      <UniqueIdentifier>{64049c1a-c77b-401e-95ad-2707248cd671}</UniqueIdentifier>
    </Filter>
    <Filter Include="Headers">
      <UniqueIdentifier>{8e4bb42f-400b-4e9b-8f4d-8ec02c943ef1}</UniqueIdentifier>
    </Filter>
    <Filter Include="Headers\Load">
      <UniqueIdentifier>{3c17686e-258a-4c35-a9fd-11f8f4bc1f9b}</UniqueIdentifier>
    </Filter>
    <Filter Include="Sources\Load">
      <UniqueIdentifier>{77cb3717-6980-403e-b0c6-e687f82858c6}</UniqueIdentifier>
    </Filter>
    <Filter Include="Sources\Load\TinyXML">
      <UniqueIdentifier>{900e7cc7-81ce-49f6-9151-12a486173a18}</UniqueIdentifier>
    </Filter>
    <Filter Include="Headers\Load\TinyXML">
      <UniqueIdentifier>{acb8639d-40c4-4020-9ab0-943d9159d5a6}</UniqueIdentifier>
    </Filter>
    <Filter Include="Headers\Systems">
      <UniqueIdentifier>{f32387a8-9bca-49aa-ab09-0c31958c565d}</UniqueIdentifier>
    </Filter>
    <Filter Include="Headers\Components">
      <UniqueIdentifier>{633ab670-1335-4165-8d5f-ff45407e7e33}</UniqueIdentifier>
    </Filter>
    <Filter Include="Sources\Systems">
      <UniqueIdentifier>{5b65ae21-ce58-48e5-968b-1b56104887ba}</UniqueIdentifier>
    </Filter>
    <Filter Include="Sources\Components">
      <UniqueIdentifier>{742afcbc-b65d-42b6-a878-83865cdbf4c7}</UniqueIdentifier>
    </Filter>
  </ItemGroup>
  <ItemGroup>
    <None Include="nem1.lua">
      <Filter>Sources</Filter>
    </None>
  </ItemGroup>
</Project>