<?xml version="1.0" encoding="utf-8"?>
<Project ToolsVersion="4.0" xmlns="http://schemas.microsoft.com/developer/msbuild/2003">
  <ItemGroup>
    <ClCompile Include="Component.cpp" />
    <ClCompile Include="GameLogicComponent.cpp" />
    <ClCompile Include="GameLogicSystem.cpp" />
    <ClCompile Include="GameObject.cpp" />
    <ClCompile Include="GraphicsComponent.cpp" />
    <ClCompile Include="GraphicsSystem.cpp" />
    <ClCompile Include="LTimer.cpp" />
    <ClCompile Include="InputsComponent.cpp" />
    <ClCompile Include="InputSystem.cpp" />
    <ClCompile Include="LuaFunctions.cpp" />
    <ClCompile Include="Message.cpp" />
    <ClCompile Include="PhysicsComponent.cpp" />
    <ClCompile Include="PhysicsSystem.cpp" />
    <ClCompile Include="PositionComponent.cpp" />
    <ClCompile Include="main.cpp" />
    <ClCompile Include="Scene.cpp" />
    <ClCompile Include="scriptinit_exemple.cpp" />
    <ClCompile Include="Source1.cpp" />
    <ClCompile Include="Sprite.cpp" />
    <ClCompile Include="SpriteSheet.cpp" />
    <ClCompile Include="Vec2.cpp" />
  </ItemGroup>
  <ItemGroup>
    <ClInclude Include="Component.h" />
    <ClInclude Include="Flags.h" />
    <ClInclude Include="GameLogicComponent.h" />
    <ClInclude Include="GameLogicSystem.h" />
    <ClInclude Include="GameObject.h" />
    <ClInclude Include="GraphicsComponent.h" />
    <ClInclude Include="GraphicsSystem.h" />
    <ClInclude Include="LTimer.h" />
    <ClInclude Include="InputsComponent.h" />
    <ClInclude Include="InputSystem.h" />
    <ClInclude Include="LuaInit.hpp" />
    <ClInclude Include="Message.h" />
    <ClInclude Include="PhysicsComponent.h" />
    <ClInclude Include="PhysicsSystem.h" />
    <ClInclude Include="PositionComponent.h" />
    <ClInclude Include="Scene.h" />
    <ClInclude Include="Sprite.h" />
    <ClInclude Include="SpriteSheet.h" />
    <ClInclude Include="Vec2.h" />
  </ItemGroup>
  <ItemGroup>
    <None Include="nem1.lua" />
  </ItemGroup>
</Project>