<?xml version="1.0" encoding="utf-8"?>
<Project ToolsVersion="4.0" xmlns="http://schemas.microsoft.com/developer/msbuild/2003">
  <!--<ItemGroup>
    <ClCompile Include="Component.cpp" />
    <ClCompile Include="GameLogicComponent.cpp" />
    <ClCompile Include="GameLogicSystem.cpp" />
    <ClCompile Include="GameObject.cpp" />
    <ClCompile Include="GraphicsComponent.cpp" />
    <ClCompile Include="GraphicsSystem.cpp" />
    <ClCompile Include="LTimer.cpp" />
    <ClCompile Include="InputsComponent.cpp" />
    <ClCompile Include="InputSystem.cpp" />
    <ClCompile Include="LuaFunctions.cpp" />
    <ClCompile Include="Message.cpp" />
    <ClCompile Include="PhysicsComponent.cpp" />
    <ClCompile Include="PhysicsSystem.cpp" />
    <ClCompile Include="PositionComponent.cpp" />
    <ClCompile Include="main.cpp" />
    <ClCompile Include="Scene.cpp" />
    <ClCompile Include="scriptinit_exemple.cpp" />
    <ClCompile Include="Source1.cpp" />
    <ClCompile Include="Sprite.cpp" />
    <ClCompile Include="SpriteSheet.cpp" />
    <ClCompile Include="Vec2.cpp" />
  </ItemGroup>
  <ItemGroup>
    <ClInclude Include="Component.h" />
    <ClInclude Include="Flags.h" />
    <ClInclude Include="GameLogicComponent.h" />
    <ClInclude Include="GameLogicSystem.h" />
    <ClInclude Include="GameObject.h" />
    <ClInclude Include="GraphicsComponent.h" />
    <ClInclude Include="GraphicsSystem.h" />
    <ClInclude Include="LTimer.h" />
    <ClInclude Include="InputsComponent.h" />
    <ClInclude Include="InputSystem.h" />
    <ClInclude Include="LuaInit.hpp" />
    <ClInclude Include="Message.h" />
    <ClInclude Include="PhysicsComponent.h" />
    <ClInclude Include="PhysicsSystem.h" />
    <ClInclude Include="PositionComponent.h" />
    <ClInclude Include="Scene.h" />
    <ClInclude Include="Sprite.h" />
    <ClInclude Include="SpriteSheet.h" />
    <ClInclude Include="Vec2.h" />
  </ItemGroup>-->
  <ItemGroup>
    <None Include="nem1.lua" />
    <ClCompile Include="Vec2.cpp">
      <Filter>Fichiers sources</Filter>
    </ClCompile>
	 <ClCompile Include="GameLogicComponent.cpp">
      <Filter>Fichiers sources</Filter>
    </ClCompile>
	 <ClCompile Include="GameLogicSystem.cpp">
      <Filter>Fichiers sources</Filter>
    </ClCompile>
    <ClCompile Include="GameObject.cpp">
      <Filter>Fichiers sources</Filter>
    </ClCompile>
    <ClCompile Include="InputSystem.cpp">
      <Filter>Fichiers sources</Filter>
    </ClCompile>
    <ClCompile Include="LTimer.cpp">
      <Filter>Fichiers sources</Filter>
    </ClCompile>
    <ClCompile Include="Message.cpp">
      <Filter>Fichiers sources</Filter>
    </ClCompile>
    <ClCompile Include="PhysicsSystem.cpp">
      <Filter>Fichiers sources</Filter>
    </ClCompile>
    <ClCompile Include="SpriteSheet.cpp">
      <Filter>Fichiers sources</Filter>
    </ClCompile>
    <ClCompile Include="main.cpp">
      <Filter>Fichiers sources</Filter>
    </ClCompile>
    <ClCompile Include="Sprite.cpp">
      <Filter>Fichiers sources</Filter>
    </ClCompile>
    <ClCompile Include="Source1.cpp">
      <Filter>Fichiers sources</Filter>
    </ClCompile>
    <ClCompile Include="Scene.cpp">
      <Filter>Fichiers sources</Filter>
    </ClCompile>
    <ClCompile Include="GraphicsSystem.cpp">
      <Filter>Fichiers sources</Filter>
    </ClCompile>
    <ClCompile Include="GraphicsComponent.cpp">
      <Filter>Fichiers sources\Components</Filter>
    </ClCompile>
    <ClCompile Include="Component.cpp">
      <Filter>Fichiers sources\Components</Filter>
    </ClCompile>
    <ClCompile Include="InputsComponent.cpp">
      <Filter>Fichiers sources\Components</Filter>
    </ClCompile>
    <ClCompile Include="PhysicsComponent.cpp">
      <Filter>Fichiers sources\Components</Filter>
    </ClCompile>
    <ClCompile Include="PositionComponent.cpp">
      <Filter>Fichiers sources\Components</Filter>
    </ClCompile>
    <ClCompile Include="scriptinit_exemple.cpp">
      <Filter>Fichiers sources\load</Filter>
    </ClCompile>
    <ClCompile Include="LuaFunctions.cpp">
      <Filter>Fichiers sources\load</Filter>
    </ClCompile>
  </ItemGroup>
  <ItemGroup>
    <ClInclude Include="Flags.h">
      <Filter>Fichiers d%27en-tête</Filter>
    </ClInclude>
    <ClInclude Include="GameObject.h">
      <Filter>Fichiers d%27en-tête</Filter>
    </ClInclude>
    <ClInclude Include="GraphicsSystem.h">
      <Filter>Fichiers d%27en-tête</Filter>
    </ClInclude>
	<ClInclude Include="GameLogicSystem.h">
      <Filter>Fichiers d%27en-tête</Filter>
    </ClInclude>
	<ClInclude Include="GameLogicComponent.h">
      <Filter>Fichiers d%27en-tête</Filter>
    </ClInclude>
    <ClInclude Include="InputSystem.h">
      <Filter>Fichiers d%27en-tête</Filter>
    </ClInclude>
    <ClInclude Include="LTimer.h">
      <Filter>Fichiers d%27en-tête</Filter>
    </ClInclude>
    <ClInclude Include="Message.h">
      <Filter>Fichiers d%27en-tête</Filter>
    </ClInclude>
    <ClInclude Include="PhysicsSystem.h">
      <Filter>Fichiers d%27en-tête</Filter>
    </ClInclude>
    <ClInclude Include="Sprite.h">
      <Filter>Fichiers d%27en-tête</Filter>
    </ClInclude>
    <ClInclude Include="SpriteSheet.h">
      <Filter>Fichiers d%27en-tête</Filter>
    </ClInclude>
    <ClInclude Include="Vec2.h">
      <Filter>Fichiers d%27en-tête</Filter>
    </ClInclude>
    <ClInclude Include="Scene.h">
      <Filter>Fichiers d%27en-tête</Filter>
    </ClInclude>
    <ClInclude Include="Component.h">
      <Filter>Fichiers d%27en-tête\Components</Filter>
    </ClInclude>
    <ClInclude Include="GraphicsComponent.h">
      <Filter>Fichiers d%27en-tête\Components</Filter>
    </ClInclude>
    <ClInclude Include="InputsComponent.h">
      <Filter>Fichiers d%27en-tête\Components</Filter>
    </ClInclude>
    <ClInclude Include="PhysicsComponent.h">
      <Filter>Fichiers d%27en-tête\Components</Filter>
    </ClInclude>
    <ClInclude Include="PositionComponent.h">
      <Filter>Fichiers d%27en-tête\Components</Filter>
    </ClInclude>
    <ClInclude Include="LuaInit.hpp">
      <Filter>Fichiers d%27en-tête\Load</Filter>
    </ClInclude>
  </ItemGroup>
  <ItemGroup>
    <Filter Include="Fichiers d%27en-tête">
      <UniqueIdentifier>{bc74fe80-f9e8-4571-9c21-9a4cbaee3a5e}</UniqueIdentifier>
    </Filter>
    <Filter Include="Fichiers sources">
      <UniqueIdentifier>{c78881e9-d096-457a-a423-deda9ba10cf7}</UniqueIdentifier>
    </Filter>
    <Filter Include="Externes">
      <UniqueIdentifier>{af919cfb-76f2-4caf-b81a-e16268707628}</UniqueIdentifier>
    </Filter>
    <Filter Include="Fichiers d%27en-tête\Components">
      <UniqueIdentifier>{8f32731b-005c-4be1-b7dc-fed301c1f948}</UniqueIdentifier>
    </Filter>
    <Filter Include="Fichiers sources\Components">
      <UniqueIdentifier>{a11aece2-efc7-4555-9908-a801f2ec9aec}</UniqueIdentifier>
    </Filter>
    <Filter Include="Fichiers sources\load">
      <UniqueIdentifier>{877c1f4b-4b69-4afb-a555-cb7f2a4bfcd7}</UniqueIdentifier>
    </Filter>
    <Filter Include="Fichiers d%27en-tête\Load">
      <UniqueIdentifier>{ea51add5-b75c-4821-8125-1bb88cf2fe82}</UniqueIdentifier>
    </Filter>
  </ItemGroup>
  <ItemGroup>
    <None Include="nem1.lua">
      <Filter>Externes</Filter>
    </None>
  </ItemGroup>
</Project>